
Microsoft Visual Studio Solution File, Format Version 12.00
# Visual Studio Version 16
VisualStudioVersion = 16.0.31613.86
MinimumVisualStudioVersion = 10.0.40219.1
Project("{FAE04EC0-301F-11D3-BF4B-00C04F79EFBC}") = "Practica1.Android", "Practica-1.Android\Practica1.Android.csproj", "{B9335D03-CE32-4861-902C-7AC94A67FC11}"
EndProject
Project("{FAE04EC0-301F-11D3-BF4B-00C04F79EFBC}") = "Practica1.iOS", "Practica-1.iOS\Practica1.iOS.csproj", "{64D7C455-B87B-4195-9AAE-BE69EC754EB7}"
EndProject
Project("{9A19103F-16F7-4668-BE54-9A1E7A4F7556}") = "Practica1", "Practica-1\Practica1.csproj", "{32B4AFA5-81AA-427A-92A4-B853BBBEFB47}"
EndProject
Global
	GlobalSection(SolutionConfigurationPlatforms) = preSolution
		Debug|Any CPU = Debug|Any CPU
		Debug|iPhone = Debug|iPhone
		Debug|iPhoneSimulator = Debug|iPhoneSimulator
		Release|Any CPU = Release|Any CPU
		Release|iPhone = Release|iPhone
		Release|iPhoneSimulator = Release|iPhoneSimulator
	EndGlobalSection
	GlobalSection(ProjectConfigurationPlatforms) = postSolution
		{B9335D03-CE32-4861-902C-7AC94A67FC11}.Debug|Any CPU.ActiveCfg = Debug|Any CPU
		{B9335D03-CE32-4861-902C-7AC94A67FC11}.Debug|Any CPU.Build.0 = Debug|Any CPU
		{B9335D03-CE32-4861-902C-7AC94A67FC11}.Debug|Any CPU.Deploy.0 = Debug|Any CPU
		{B9335D03-CE32-4861-902C-7AC94A67FC11}.Debug|iPhone.ActiveCfg = Debug|Any CPU
		{B9335D03-CE32-4861-902C-7AC94A67FC11}.Debug|iPhone.Build.0 = Debug|Any CPU
		{B9335D03-CE32-4861-902C-7AC94A67FC11}.Debug|iPhone.Deploy.0 = Debug|Any CPU
		{B9335D03-CE32-4861-902C-7AC94A67FC11}.Debug|iPhoneSimulator.ActiveCfg = Debug|Any CPU
		{B9335D03-CE32-4861-902C-7AC94A67FC11}.Debug|iPhoneSimulator.Build.0 = Debug|Any CPU
		{B9335D03-CE32-4861-902C-7AC94A67FC11}.Debug|iPhoneSimulator.Deploy.0 = Debug|Any CPU
		{B9335D03-CE32-4861-902C-7AC94A67FC11}.Release|Any CPU.ActiveCfg = Release|Any CPU
		{B9335D03-CE32-4861-902C-7AC94A67FC11}.Release|Any CPU.Build.0 = Release|Any CPU
		{B9335D03-CE32-4861-902C-7AC94A67FC11}.Release|Any CPU.Deploy.0 = Release|Any CPU
		{B9335D03-CE32-4861-902C-7AC94A67FC11}.Release|iPhone.ActiveCfg = Release|Any CPU
		{B9335D03-CE32-4861-902C-7AC94A67FC11}.Release|iPhone.Build.0 = Release|Any CPU
		{B9335D03-CE32-4861-902C-7AC94A67FC11}.Release|iPhone.Deploy.0 = Release|Any CPU
		{B9335D03-CE32-4861-902C-7AC94A67FC11}.Release|iPhoneSimulator.ActiveCfg = Release|Any CPU
		{B9335D03-CE32-4861-902C-7AC94A67FC11}.Release|iPhoneSimulator.Build.0 = Release|Any CPU
		{B9335D03-CE32-4861-902C-7AC94A67FC11}.Release|iPhoneSimulator.Deploy.0 = Release|Any CPU
		{64D7C455-B87B-4195-9AAE-BE69EC754EB7}.Debug|Any CPU.ActiveCfg = Debug|iPhone
		{64D7C455-B87B-4195-9AAE-BE69EC754EB7}.Debug|Any CPU.Build.0 = Debug|iPhone
		{64D7C455-B87B-4195-9AAE-BE69EC754EB7}.Debug|Any CPU.Deploy.0 = Debug|iPhone
		{64D7C455-B87B-4195-9AAE-BE69EC754EB7}.Debug|iPhone.ActiveCfg = Debug|iPhone
		{64D7C455-B87B-4195-9AAE-BE69EC754EB7}.Debug|iPhone.Build.0 = Debug|iPhone
		{64D7C455-B87B-4195-9AAE-BE69EC754EB7}.Debug|iPhone.Deploy.0 = Debug|iPhone
		{64D7C455-B87B-4195-9AAE-BE69EC754EB7}.Debug|iPhoneSimulator.ActiveCfg = Debug|iPhoneSimulator
		{64D7C455-B87B-4195-9AAE-BE69EC754EB7}.Debug|iPhoneSimulator.Build.0 = Debug|iPhoneSimulator
		{64D7C455-B87B-4195-9AAE-BE69EC754EB7}.Debug|iPhoneSimulator.Deploy.0 = Debug|iPhoneSimulator
		{64D7C455-B87B-4195-9AAE-BE69EC754EB7}.Release|Any CPU.ActiveCfg = Release|iPhoneSimulator
		{64D7C455-B87B-4195-9AAE-BE69EC754EB7}.Release|Any CPU.Build.0 = Release|iPhoneSimulator
		{64D7C455-B87B-4195-9AAE-BE69EC754EB7}.Release|Any CPU.Deploy.0 = Release|iPhoneSimulator
		{64D7C455-B87B-4195-9AAE-BE69EC754EB7}.Release|iPhone.ActiveCfg = Release|iPhone
		{64D7C455-B87B-4195-9AAE-BE69EC754EB7}.Release|iPhone.Build.0 = Release|iPhone
		{64D7C455-B87B-4195-9AAE-BE69EC754EB7}.Release|iPhone.Deploy.0 = Release|iPhone
		{64D7C455-B87B-4195-9AAE-BE69EC754EB7}.Release|iPhoneSimulator.ActiveCfg = Release|iPhoneSimulator
		{64D7C455-B87B-4195-9AAE-BE69EC754EB7}.Release|iPhoneSimulator.Build.0 = Release|iPhoneSimulator
		{64D7C455-B87B-4195-9AAE-BE69EC754EB7}.Release|iPhoneSimulator.Deploy.0 = Release|iPhoneSimulator
		{32B4AFA5-81AA-427A-92A4-B853BBBEFB47}.Debug|Any CPU.ActiveCfg = Debug|Any CPU
		{32B4AFA5-81AA-427A-92A4-B853BBBEFB47}.Debug|Any CPU.Build.0 = Debug|Any CPU
		{32B4AFA5-81AA-427A-92A4-B853BBBEFB47}.Debug|Any CPU.Deploy.0 = Debug|Any CPU
		{32B4AFA5-81AA-427A-92A4-B853BBBEFB47}.Debug|iPhone.ActiveCfg = Debug|Any CPU
		{32B4AFA5-81AA-427A-92A4-B853BBBEFB47}.Debug|iPhone.Build.0 = Debug|Any CPU
		{32B4AFA5-81AA-427A-92A4-B853BBBEFB47}.Debug|iPhone.Deploy.0 = Debug|Any CPU
		{32B4AFA5-81AA-427A-92A4-B853BBBEFB47}.Debug|iPhoneSimulator.ActiveCfg = Debug|Any CPU
		{32B4AFA5-81AA-427A-92A4-B853BBBEFB47}.Debug|iPhoneSimulator.Build.0 = Debug|Any CPU
		{32B4AFA5-81AA-427A-92A4-B853BBBEFB47}.Debug|iPhoneSimulator.Deploy.0 = Debug|Any CPU
		{32B4AFA5-81AA-427A-92A4-B853BBBEFB47}.Release|Any CPU.ActiveCfg = Release|Any CPU
		{32B4AFA5-81AA-427A-92A4-B853BBBEFB47}.Release|Any CPU.Build.0 = Release|Any CPU
		{32B4AFA5-81AA-427A-92A4-B853BBBEFB47}.Release|Any CPU.Deploy.0 = Release|Any CPU
		{32B4AFA5-81AA-427A-92A4-B853BBBEFB47}.Release|iPhone.ActiveCfg = Release|Any CPU
		{32B4AFA5-81AA-427A-92A4-B853BBBEFB47}.Release|iPhone.Build.0 = Release|Any CPU
		{32B4AFA5-81AA-427A-92A4-B853BBBEFB47}.Release|iPhone.Deploy.0 = Release|Any CPU
		{32B4AFA5-81AA-427A-92A4-B853BBBEFB47}.Release|iPhoneSimulator.ActiveCfg = Release|Any CPU
		{32B4AFA5-81AA-427A-92A4-B853BBBEFB47}.Release|iPhoneSimulator.Build.0 = Release|Any CPU
		{32B4AFA5-81AA-427A-92A4-B853BBBEFB47}.Release|iPhoneSimulator.Deploy.0 = Release|Any CPU
	EndGlobalSection
	GlobalSection(SolutionProperties) = preSolution
		HideSolutionNode = FALSE
	EndGlobalSection
	GlobalSection(ExtensibilityGlobals) = postSolution
		SolutionGuid = {93F08184-88BC-4F2E-8ADA-EC4936909436}
	EndGlobalSection
EndGlobal
